
Microsoft Visual Studio Solution File, Format Version 12.00
# Visual Studio Version 17
VisualStudioVersion = 17.14.36414.22
MinimumVisualStudioVersion = 10.0.40219.1
Project("{FAE04EC0-301F-11D3-BF4B-00C04F79EFBC}") = "NewsAggregator.API", "NewsAggregator.API\NewsAggregator.API.csproj", "{7CE7A0AA-CC4D-4AEF-B963-BD0688B7DAE9}"
EndProject
Project("{FAE04EC0-301F-11D3-BF4B-00C04F79EFBC}") = "NewsAggregator.Client", "NewsAggregator.Client\NewsAggregator.Client.csproj", "{07840974-36E8-4F5C-820E-244432BB636C}"
EndProject
Global
	GlobalSection(SolutionConfigurationPlatforms) = preSolution
		Debug|Any CPU = Debug|Any CPU
		Debug|x64 = Debug|x64
		Debug|x86 = Debug|x86
		Release|Any CPU = Release|Any CPU
		Release|x64 = Release|x64
		Release|x86 = Release|x86
	EndGlobalSection
	GlobalSection(ProjectConfigurationPlatforms) = postSolution
		{7CE7A0AA-CC4D-4AEF-B963-BD0688B7DAE9}.Debug|Any CPU.ActiveCfg = Debug|Any CPU
		{7CE7A0AA-CC4D-4AEF-B963-BD0688B7DAE9}.Debug|Any CPU.Build.0 = Debug|Any CPU
		{7CE7A0AA-CC4D-4AEF-B963-BD0688B7DAE9}.Debug|x64.ActiveCfg = Debug|Any CPU
		{7CE7A0AA-CC4D-4AEF-B963-BD0688B7DAE9}.Debug|x64.Build.0 = Debug|Any CPU
		{7CE7A0AA-CC4D-4AEF-B963-BD0688B7DAE9}.Debug|x86.ActiveCfg = Debug|Any CPU
		{7CE7A0AA-CC4D-4AEF-B963-BD0688B7DAE9}.Debug|x86.Build.0 = Debug|Any CPU
		{7CE7A0AA-CC4D-4AEF-B963-BD0688B7DAE9}.Release|Any CPU.ActiveCfg = Release|Any CPU
		{7CE7A0AA-CC4D-4AEF-B963-BD0688B7DAE9}.Release|Any CPU.Build.0 = Release|Any CPU
		{7CE7A0AA-CC4D-4AEF-B963-BD0688B7DAE9}.Release|x64.ActiveCfg = Release|Any CPU
		{7CE7A0AA-CC4D-4AEF-B963-BD0688B7DAE9}.Release|x64.Build.0 = Release|Any CPU
		{7CE7A0AA-CC4D-4AEF-B963-BD0688B7DAE9}.Release|x86.ActiveCfg = Release|Any CPU
		{7CE7A0AA-CC4D-4AEF-B963-BD0688B7DAE9}.Release|x86.Build.0 = Release|Any CPU
		{07840974-36E8-4F5C-820E-244432BB636C}.Debug|Any CPU.ActiveCfg = Debug|Any CPU
		{07840974-36E8-4F5C-820E-244432BB636C}.Debug|Any CPU.Build.0 = Debug|Any CPU
		{07840974-36E8-4F5C-820E-244432BB636C}.Debug|x64.ActiveCfg = Debug|Any CPU
		{07840974-36E8-4F5C-820E-244432BB636C}.Debug|x64.Build.0 = Debug|Any CPU
		{07840974-36E8-4F5C-820E-244432BB636C}.Debug|x86.ActiveCfg = Debug|Any CPU
		{07840974-36E8-4F5C-820E-244432BB636C}.Debug|x86.Build.0 = Debug|Any CPU
		{07840974-36E8-4F5C-820E-244432BB636C}.Release|Any CPU.ActiveCfg = Release|Any CPU
		{07840974-36E8-4F5C-820E-244432BB636C}.Release|Any CPU.Build.0 = Release|Any CPU
		{07840974-36E8-4F5C-820E-244432BB636C}.Release|x64.ActiveCfg = Release|Any CPU
		{07840974-36E8-4F5C-820E-244432BB636C}.Release|x64.Build.0 = Release|Any CPU
		{07840974-36E8-4F5C-820E-244432BB636C}.Release|x86.ActiveCfg = Release|Any CPU
		{07840974-36E8-4F5C-820E-244432BB636C}.Release|x86.Build.0 = Release|Any CPU
	EndGlobalSection
	GlobalSection(SolutionProperties) = preSolution
		HideSolutionNode = FALSE
	EndGlobalSection
	GlobalSection(ExtensibilityGlobals) = postSolution
		SolutionGuid = {71951FAB-F502-42D3-9E3D-FCEF8314A5B0}
	EndGlobalSection
EndGlobal
